{
    "_readme": [
        "This file locks the dependencies of your project to a known state",
        "Read more about it at https://getcomposer.org/doc/01-basic-usage.md#installing-dependencies",
        "This file is @generated automatically"
    ],
    "content-hash": "8c2f0f72fa7fc2e7af1039d79d3289b4",
    "packages": [
        {
            "name": "sofyansitorus/woongkir",
            "version": "1.3",
            "source": {
                "type": "git",
                "url": "https://github.com/sofyansitorus/Woongkir.git",
                "reference": "master"
            },
            "type": "library"
        }
    ],
    "packages-dev": [],
    "aliases": [],
    "minimum-stability": "stable",
    "stability-flags": [],
    "prefer-stable": false,
    "prefer-lowest": false,
    "platform": [],
    "platform-dev": [],
    "plugin-api-version": "2.3.0"
}
